
Microsoft Visual Studio Solution File, Format Version 12.00
# Visual Studio Version 17
VisualStudioVersion = 17.0.31903.59
MinimumVisualStudioVersion = 10.0.40219.1
Project("{FAE04EC0-301F-11D3-BF4B-00C04F79EFBC}") = "FizzBuzz", "FizzBuzz\FizzBuzz.csproj", "{F9177F9A-FEDA-4B4D-97AF-0911CDF6152F}"
EndProject
Project("{FAE04EC0-301F-11D3-BF4B-00C04F79EFBC}") = "HelloWorld", "HelloWorld\HelloWorld.csproj", "{550BD962-DFE4-4D2B-A05B-B58F050E71D8}"
EndProject
Project("{FAE04EC0-301F-11D3-BF4B-00C04F79EFBC}") = "RandomType", "RandomType\RandomType.csproj", "{A7F44758-5239-4D20-B490-122AFE4383AF}"
EndProject
Project("{FAE04EC0-301F-11D3-BF4B-00C04F79EFBC}") = "SnakeEyes", "SnakeEyes\SnakeEyes.csproj", "{96D4C750-077E-4AFE-9887-014566294EBB}"
EndProject
Project("{FAE04EC0-301F-11D3-BF4B-00C04F79EFBC}") = "Console.Read_activity", "Console.Read_activity\Console.Read_activity.csproj", "{40CDD304-23A1-4B1F-B89D-60DF2F9D98D5}"
EndProject
Project("{FAE04EC0-301F-11D3-BF4B-00C04F79EFBC}") = "Parsing_Primitive", "Parsing_Primitive\Parsing_Primitive.csproj", "{2E3DA072-0A72-4571-9664-801A6C4E2870}"
EndProject
Project("{FAE04EC0-301F-11D3-BF4B-00C04F79EFBC}") = "Comments_and_Variables", "Comments_and_Variables\Comments_and_Variables.csproj", "{64FA7A04-676F-43CC-9ACF-CDFDC9C2E1A0}"
EndProject
Project("{FAE04EC0-301F-11D3-BF4B-00C04F79EFBC}") = "HTTP_Status_Codes_Assignment", "HTTP_Status_Codes_Assignment\HTTP_Status_Codes_Assignment.csproj", "{8EF1413E-9A20-45C7-ACDB-8F66ADD384B8}"
EndProject
Project("{FAE04EC0-301F-11D3-BF4B-00C04F79EFBC}") = "Sales_Tax_Calculator", "Sales_Tax_Calculator\Sales_Tax_Calculator.csproj", "{BF75B852-2F0B-47BE-AD02-192E73E307D8}"
EndProject
Project("{FAE04EC0-301F-11D3-BF4B-00C04F79EFBC}") = "Area_Calculator", "Area_Calculator\Area_Calculator.csproj", "{0E77C0D8-2928-4269-8A51-466CD43AD8A3}"
EndProject
Project("{FAE04EC0-301F-11D3-BF4B-00C04F79EFBC}") = "Multiplication_table", "Multiplication_table\Multiplication_table.csproj", "{2E89C958-5741-4F3B-A4C5-4709A30720A8}"
EndProject
Project("{FAE04EC0-301F-11D3-BF4B-00C04F79EFBC}") = "Dice_Roller_Exercise", "Dice_Roller_Exercise\Dice_Roller_Exercise.csproj", "{06883231-2469-4AFB-9057-2A8555FE749B}"
EndProject
Project("{FAE04EC0-301F-11D3-BF4B-00C04F79EFBC}") = "Dice_Roller_Classes", "Dice_Roller_Classes\Dice_Roller_Classes.csproj", "{D023297A-1726-4A28-ABC0-44DE9DD3E819}"
EndProject
Project("{FAE04EC0-301F-11D3-BF4B-00C04F79EFBC}") = "Class_vs_objects_notes", "Class_vs_objects_notes\Class_vs_objects_notes.csproj", "{99B02919-407B-4330-9F94-5413149F6B19}"
EndProject
Project("{FAE04EC0-301F-11D3-BF4B-00C04F79EFBC}") = "Character_vs_Enemy_Activity", "Character_vs_Enemy_Activity\Character_vs_Enemy_Activity.csproj", "{D26ACDD1-1B85-4AB1-8AC1-81E4C3ADE1D7}"
EndProject
Global
	GlobalSection(SolutionConfigurationPlatforms) = preSolution
		Debug|Any CPU = Debug|Any CPU
		Release|Any CPU = Release|Any CPU
	EndGlobalSection
	GlobalSection(SolutionProperties) = preSolution
		HideSolutionNode = FALSE
	EndGlobalSection
	GlobalSection(ProjectConfigurationPlatforms) = postSolution
		{F9177F9A-FEDA-4B4D-97AF-0911CDF6152F}.Debug|Any CPU.ActiveCfg = Debug|Any CPU
		{F9177F9A-FEDA-4B4D-97AF-0911CDF6152F}.Debug|Any CPU.Build.0 = Debug|Any CPU
		{F9177F9A-FEDA-4B4D-97AF-0911CDF6152F}.Release|Any CPU.ActiveCfg = Release|Any CPU
		{F9177F9A-FEDA-4B4D-97AF-0911CDF6152F}.Release|Any CPU.Build.0 = Release|Any CPU
		{550BD962-DFE4-4D2B-A05B-B58F050E71D8}.Debug|Any CPU.ActiveCfg = Debug|Any CPU
		{550BD962-DFE4-4D2B-A05B-B58F050E71D8}.Debug|Any CPU.Build.0 = Debug|Any CPU
		{550BD962-DFE4-4D2B-A05B-B58F050E71D8}.Release|Any CPU.ActiveCfg = Release|Any CPU
		{550BD962-DFE4-4D2B-A05B-B58F050E71D8}.Release|Any CPU.Build.0 = Release|Any CPU
		{A7F44758-5239-4D20-B490-122AFE4383AF}.Debug|Any CPU.ActiveCfg = Debug|Any CPU
		{A7F44758-5239-4D20-B490-122AFE4383AF}.Debug|Any CPU.Build.0 = Debug|Any CPU
		{A7F44758-5239-4D20-B490-122AFE4383AF}.Release|Any CPU.ActiveCfg = Release|Any CPU
		{A7F44758-5239-4D20-B490-122AFE4383AF}.Release|Any CPU.Build.0 = Release|Any CPU
		{96D4C750-077E-4AFE-9887-014566294EBB}.Debug|Any CPU.ActiveCfg = Debug|Any CPU
		{96D4C750-077E-4AFE-9887-014566294EBB}.Debug|Any CPU.Build.0 = Debug|Any CPU
		{96D4C750-077E-4AFE-9887-014566294EBB}.Release|Any CPU.ActiveCfg = Release|Any CPU
		{96D4C750-077E-4AFE-9887-014566294EBB}.Release|Any CPU.Build.0 = Release|Any CPU
		{40CDD304-23A1-4B1F-B89D-60DF2F9D98D5}.Debug|Any CPU.ActiveCfg = Debug|Any CPU
		{40CDD304-23A1-4B1F-B89D-60DF2F9D98D5}.Debug|Any CPU.Build.0 = Debug|Any CPU
		{40CDD304-23A1-4B1F-B89D-60DF2F9D98D5}.Release|Any CPU.ActiveCfg = Release|Any CPU
		{40CDD304-23A1-4B1F-B89D-60DF2F9D98D5}.Release|Any CPU.Build.0 = Release|Any CPU
		{2E3DA072-0A72-4571-9664-801A6C4E2870}.Debug|Any CPU.ActiveCfg = Debug|Any CPU
		{2E3DA072-0A72-4571-9664-801A6C4E2870}.Debug|Any CPU.Build.0 = Debug|Any CPU
		{2E3DA072-0A72-4571-9664-801A6C4E2870}.Release|Any CPU.ActiveCfg = Release|Any CPU
		{2E3DA072-0A72-4571-9664-801A6C4E2870}.Release|Any CPU.Build.0 = Release|Any CPU
		{64FA7A04-676F-43CC-9ACF-CDFDC9C2E1A0}.Debug|Any CPU.ActiveCfg = Debug|Any CPU
		{64FA7A04-676F-43CC-9ACF-CDFDC9C2E1A0}.Debug|Any CPU.Build.0 = Debug|Any CPU
		{64FA7A04-676F-43CC-9ACF-CDFDC9C2E1A0}.Release|Any CPU.ActiveCfg = Release|Any CPU
		{64FA7A04-676F-43CC-9ACF-CDFDC9C2E1A0}.Release|Any CPU.Build.0 = Release|Any CPU
		{8EF1413E-9A20-45C7-ACDB-8F66ADD384B8}.Debug|Any CPU.ActiveCfg = Debug|Any CPU
		{8EF1413E-9A20-45C7-ACDB-8F66ADD384B8}.Debug|Any CPU.Build.0 = Debug|Any CPU
		{8EF1413E-9A20-45C7-ACDB-8F66ADD384B8}.Release|Any CPU.ActiveCfg = Release|Any CPU
		{8EF1413E-9A20-45C7-ACDB-8F66ADD384B8}.Release|Any CPU.Build.0 = Release|Any CPU
		{BF75B852-2F0B-47BE-AD02-192E73E307D8}.Debug|Any CPU.ActiveCfg = Debug|Any CPU
		{BF75B852-2F0B-47BE-AD02-192E73E307D8}.Debug|Any CPU.Build.0 = Debug|Any CPU
		{BF75B852-2F0B-47BE-AD02-192E73E307D8}.Release|Any CPU.ActiveCfg = Release|Any CPU
		{BF75B852-2F0B-47BE-AD02-192E73E307D8}.Release|Any CPU.Build.0 = Release|Any CPU
		{0E77C0D8-2928-4269-8A51-466CD43AD8A3}.Debug|Any CPU.ActiveCfg = Debug|Any CPU
		{0E77C0D8-2928-4269-8A51-466CD43AD8A3}.Debug|Any CPU.Build.0 = Debug|Any CPU
		{0E77C0D8-2928-4269-8A51-466CD43AD8A3}.Release|Any CPU.ActiveCfg = Release|Any CPU
		{0E77C0D8-2928-4269-8A51-466CD43AD8A3}.Release|Any CPU.Build.0 = Release|Any CPU
		{2E89C958-5741-4F3B-A4C5-4709A30720A8}.Debug|Any CPU.ActiveCfg = Debug|Any CPU
		{2E89C958-5741-4F3B-A4C5-4709A30720A8}.Debug|Any CPU.Build.0 = Debug|Any CPU
		{2E89C958-5741-4F3B-A4C5-4709A30720A8}.Release|Any CPU.ActiveCfg = Release|Any CPU
		{2E89C958-5741-4F3B-A4C5-4709A30720A8}.Release|Any CPU.Build.0 = Release|Any CPU
		{06883231-2469-4AFB-9057-2A8555FE749B}.Debug|Any CPU.ActiveCfg = Debug|Any CPU
		{06883231-2469-4AFB-9057-2A8555FE749B}.Debug|Any CPU.Build.0 = Debug|Any CPU
		{06883231-2469-4AFB-9057-2A8555FE749B}.Release|Any CPU.ActiveCfg = Release|Any CPU
		{06883231-2469-4AFB-9057-2A8555FE749B}.Release|Any CPU.Build.0 = Release|Any CPU
		{D023297A-1726-4A28-ABC0-44DE9DD3E819}.Debug|Any CPU.ActiveCfg = Debug|Any CPU
		{D023297A-1726-4A28-ABC0-44DE9DD3E819}.Debug|Any CPU.Build.0 = Debug|Any CPU
		{D023297A-1726-4A28-ABC0-44DE9DD3E819}.Release|Any CPU.ActiveCfg = Release|Any CPU
		{D023297A-1726-4A28-ABC0-44DE9DD3E819}.Release|Any CPU.Build.0 = Release|Any CPU
		{99B02919-407B-4330-9F94-5413149F6B19}.Debug|Any CPU.ActiveCfg = Debug|Any CPU
		{99B02919-407B-4330-9F94-5413149F6B19}.Debug|Any CPU.Build.0 = Debug|Any CPU
		{99B02919-407B-4330-9F94-5413149F6B19}.Release|Any CPU.ActiveCfg = Release|Any CPU
		{99B02919-407B-4330-9F94-5413149F6B19}.Release|Any CPU.Build.0 = Release|Any CPU
		{D26ACDD1-1B85-4AB1-8AC1-81E4C3ADE1D7}.Debug|Any CPU.ActiveCfg = Debug|Any CPU
		{D26ACDD1-1B85-4AB1-8AC1-81E4C3ADE1D7}.Debug|Any CPU.Build.0 = Debug|Any CPU
		{D26ACDD1-1B85-4AB1-8AC1-81E4C3ADE1D7}.Release|Any CPU.ActiveCfg = Release|Any CPU
		{D26ACDD1-1B85-4AB1-8AC1-81E4C3ADE1D7}.Release|Any CPU.Build.0 = Release|Any CPU
	EndGlobalSection
EndGlobal
